
Microsoft Visual Studio Solution File, Format Version 12.00
# Visual Studio Version 16
VisualStudioVersion = 16.0.30611.23
MinimumVisualStudioVersion = 10.0.40219.1
Project("{8BC9CEB8-8B4A-11D0-8D11-00A0C91BC942}") = "Test", "Test\Test.vcxproj", "{AAA14180-984C-4B3E-8EE1-471A91DD562B}"
EndProject
Global
	GlobalSection(SolutionConfigurationPlatforms) = preSolution
		Debug|x64 = Debug|x64
		Debug|x86 = Debug|x86
		Release|x64 = Release|x64
		Release|x86 = Release|x86
	EndGlobalSection
	GlobalSection(ProjectConfigurationPlatforms) = postSolution
		{AAA14180-984C-4B3E-8EE1-471A91DD562B}.Debug|x64.ActiveCfg = Debug|x64
		{AAA14180-984C-4B3E-8EE1-471A91DD562B}.Debug|x64.Build.0 = Debug|x64
		{AAA14180-984C-4B3E-8EE1-471A91DD562B}.Debug|x86.ActiveCfg = Debug|Win32
		{AAA14180-984C-4B3E-8EE1-471A91DD562B}.Debug|x86.Build.0 = Debug|Win32
		{AAA14180-984C-4B3E-8EE1-471A91DD562B}.Release|x64.ActiveCfg = Release|x64
		{AAA14180-984C-4B3E-8EE1-471A91DD562B}.Release|x64.Build.0 = Release|x64
		{AAA14180-984C-4B3E-8EE1-471A91DD562B}.Release|x86.ActiveCfg = Release|Win32
		{AAA14180-984C-4B3E-8EE1-471A91DD562B}.Release|x86.Build.0 = Release|Win32
	EndGlobalSection
	GlobalSection(SolutionProperties) = preSolution
		HideSolutionNode = FALSE
	EndGlobalSection
	GlobalSection(ExtensibilityGlobals) = postSolution
		SolutionGuid = {6C2E13A3-AF40-408A-8E04-1F30F4BB90EB}
	EndGlobalSection
EndGlobal
