
Microsoft Visual Studio Solution File, Format Version 12.00
# Visual Studio Version 16
VisualStudioVersion = 16.0.30611.23
MinimumVisualStudioVersion = 10.0.40219.1
Project("{8BC9CEB8-8B4A-11D0-8D11-00A0C91BC942}") = "1", "1\1.vcxproj", "{679D2F34-2EC0-4EC8-95A1-05426DD41BB3}"
EndProject
Project("{2150E333-8FDC-42A3-9474-1A3956D46DE8}") = "Solution Items", "Solution Items", "{2CD52336-BB4C-42C7-BFC2-CE6F030385C6}"
EndProject
Global
	GlobalSection(SolutionConfigurationPlatforms) = preSolution
		Debug|x64 = Debug|x64
		Debug|x86 = Debug|x86
		Release|x64 = Release|x64
		Release|x86 = Release|x86
	EndGlobalSection
	GlobalSection(ProjectConfigurationPlatforms) = postSolution
		{679D2F34-2EC0-4EC8-95A1-05426DD41BB3}.Debug|x64.ActiveCfg = Debug|x64
		{679D2F34-2EC0-4EC8-95A1-05426DD41BB3}.Debug|x64.Build.0 = Debug|x64
		{679D2F34-2EC0-4EC8-95A1-05426DD41BB3}.Debug|x86.ActiveCfg = Debug|Win32
		{679D2F34-2EC0-4EC8-95A1-05426DD41BB3}.Debug|x86.Build.0 = Debug|Win32
		{679D2F34-2EC0-4EC8-95A1-05426DD41BB3}.Release|x64.ActiveCfg = Release|x64
		{679D2F34-2EC0-4EC8-95A1-05426DD41BB3}.Release|x64.Build.0 = Release|x64
		{679D2F34-2EC0-4EC8-95A1-05426DD41BB3}.Release|x86.ActiveCfg = Release|Win32
		{679D2F34-2EC0-4EC8-95A1-05426DD41BB3}.Release|x86.Build.0 = Release|Win32
	EndGlobalSection
	GlobalSection(SolutionProperties) = preSolution
		HideSolutionNode = FALSE
	EndGlobalSection
	GlobalSection(ExtensibilityGlobals) = postSolution
		SolutionGuid = {02A95C6C-6ADC-426B-A0C7-B0C1D7C1FBAA}
	EndGlobalSection
EndGlobal
